
Microsoft Visual Studio Solution File, Format Version 12.00
# Visual Studio Version 17
VisualStudioVersion = 17.10.35013.160
MinimumVisualStudioVersion = 10.0.40219.1
Project("{FAE04EC0-301F-11D3-BF4B-00C04F79EFBC}") = "BK_Details_App", "BK_Details_App\BK_Details_App.csproj", "{E760C461-82D7-43A8-9371-245003E3FC82}"
EndProject
Project("{FAE04EC0-301F-11D3-BF4B-00C04F79EFBC}") = "trener", "trener\trener.csproj", "{085B4EDD-C5A6-4BBF-9C8A-CCBEF2FD18B2}"
EndProject
Project("{FAE04EC0-301F-11D3-BF4B-00C04F79EFBC}") = "myapp", "myapp\myapp.csproj", "{E18ED527-3BD7-445F-A7A5-A9BD9EFD585C}"
EndProject
Project("{FAE04EC0-301F-11D3-BF4B-00C04F79EFBC}") = "TestProject3", "TestProject3\TestProject3.csproj", "{2D4D804D-5608-43D9-8330-CEA407556690}"
EndProject
Global
	GlobalSection(SolutionConfigurationPlatforms) = preSolution
		Debug|Any CPU = Debug|Any CPU
		Release|Any CPU = Release|Any CPU
	EndGlobalSection
	GlobalSection(ProjectConfigurationPlatforms) = postSolution
		{E760C461-82D7-43A8-9371-245003E3FC82}.Debug|Any CPU.ActiveCfg = Debug|Any CPU
		{E760C461-82D7-43A8-9371-245003E3FC82}.Debug|Any CPU.Build.0 = Debug|Any CPU
		{E760C461-82D7-43A8-9371-245003E3FC82}.Release|Any CPU.ActiveCfg = Release|Any CPU
		{E760C461-82D7-43A8-9371-245003E3FC82}.Release|Any CPU.Build.0 = Release|Any CPU
		{085B4EDD-C5A6-4BBF-9C8A-CCBEF2FD18B2}.Debug|Any CPU.ActiveCfg = Debug|Any CPU
		{085B4EDD-C5A6-4BBF-9C8A-CCBEF2FD18B2}.Debug|Any CPU.Build.0 = Debug|Any CPU
		{085B4EDD-C5A6-4BBF-9C8A-CCBEF2FD18B2}.Release|Any CPU.ActiveCfg = Release|Any CPU
		{085B4EDD-C5A6-4BBF-9C8A-CCBEF2FD18B2}.Release|Any CPU.Build.0 = Release|Any CPU
		{E18ED527-3BD7-445F-A7A5-A9BD9EFD585C}.Debug|Any CPU.ActiveCfg = Debug|Any CPU
		{E18ED527-3BD7-445F-A7A5-A9BD9EFD585C}.Debug|Any CPU.Build.0 = Debug|Any CPU
		{E18ED527-3BD7-445F-A7A5-A9BD9EFD585C}.Release|Any CPU.ActiveCfg = Release|Any CPU
		{E18ED527-3BD7-445F-A7A5-A9BD9EFD585C}.Release|Any CPU.Build.0 = Release|Any CPU
		{2D4D804D-5608-43D9-8330-CEA407556690}.Debug|Any CPU.ActiveCfg = Debug|Any CPU
		{2D4D804D-5608-43D9-8330-CEA407556690}.Debug|Any CPU.Build.0 = Debug|Any CPU
		{2D4D804D-5608-43D9-8330-CEA407556690}.Release|Any CPU.ActiveCfg = Release|Any CPU
		{2D4D804D-5608-43D9-8330-CEA407556690}.Release|Any CPU.Build.0 = Release|Any CPU
	EndGlobalSection
	GlobalSection(SolutionProperties) = preSolution
		HideSolutionNode = FALSE
	EndGlobalSection
	GlobalSection(ExtensibilityGlobals) = postSolution
		SolutionGuid = {769FB366-C202-4DEB-B9DB-ACFD5A5EC306}
	EndGlobalSection
EndGlobal
